
Microsoft Visual Studio Solution File, Format Version 12.00
# Visual Studio Version 16
VisualStudioVersion = 16.6.30114.105
MinimumVisualStudioVersion = 10.0.40219.1
Project("{9A19103F-16F7-4668-BE54-9A1E7A4F7556}") = "R5T.T0081", "R5T.T0081\R5T.T0081.csproj", "{EE2AC8FD-4973-40AE-969A-81429E8B7F07}"
EndProject
Project("{2150E333-8FDC-42A3-9474-1A3956D46DE8}") = "_Dependencies", "_Dependencies", "{28B79DB4-B59D-47C6-A368-82F7D7146BB2}"
EndProject
Project("{9A19103F-16F7-4668-BE54-9A1E7A4F7556}") = "R5T.T0039.T002", "..\..\R5T.T0039\source\R5T.T0039.T002\R5T.T0039.T002.csproj", "{ED6B6812-A6AC-4694-B9BF-8B9E10C91F2D}"
EndProject
Project("{9A19103F-16F7-4668-BE54-9A1E7A4F7556}") = "R5T.T0081.X001", "R5T.T0081.X001\R5T.T0081.X001.csproj", "{BC3FE24D-66C3-416A-B682-DE246CFCCECC}"
EndProject
Project("{9A19103F-16F7-4668-BE54-9A1E7A4F7556}") = "R5T.T0080", "..\..\R5T.T0080\source\R5T.T0080\R5T.T0080.csproj", "{5E03FA55-9475-4490-9530-94D86E87B013}"
EndProject
Project("{9A19103F-16F7-4668-BE54-9A1E7A4F7556}") = "R5T.L0015", "..\..\R5T.L0015\source\R5T.L0015\R5T.L0015.csproj", "{B3EA3E03-62CF-462F-8A6F-F16B31132EA9}"
EndProject
Global
	GlobalSection(SolutionConfigurationPlatforms) = preSolution
		Debug|Any CPU = Debug|Any CPU
		Debug|x64 = Debug|x64
		Debug|x86 = Debug|x86
		Release|Any CPU = Release|Any CPU
		Release|x64 = Release|x64
		Release|x86 = Release|x86
	EndGlobalSection
	GlobalSection(ProjectConfigurationPlatforms) = postSolution
		{EE2AC8FD-4973-40AE-969A-81429E8B7F07}.Debug|Any CPU.ActiveCfg = Debug|Any CPU
		{EE2AC8FD-4973-40AE-969A-81429E8B7F07}.Debug|Any CPU.Build.0 = Debug|Any CPU
		{EE2AC8FD-4973-40AE-969A-81429E8B7F07}.Debug|x64.ActiveCfg = Debug|Any CPU
		{EE2AC8FD-4973-40AE-969A-81429E8B7F07}.Debug|x64.Build.0 = Debug|Any CPU
		{EE2AC8FD-4973-40AE-969A-81429E8B7F07}.Debug|x86.ActiveCfg = Debug|Any CPU
		{EE2AC8FD-4973-40AE-969A-81429E8B7F07}.Debug|x86.Build.0 = Debug|Any CPU
		{EE2AC8FD-4973-40AE-969A-81429E8B7F07}.Release|Any CPU.ActiveCfg = Release|Any CPU
		{EE2AC8FD-4973-40AE-969A-81429E8B7F07}.Release|Any CPU.Build.0 = Release|Any CPU
		{EE2AC8FD-4973-40AE-969A-81429E8B7F07}.Release|x64.ActiveCfg = Release|Any CPU
		{EE2AC8FD-4973-40AE-969A-81429E8B7F07}.Release|x64.Build.0 = Release|Any CPU
		{EE2AC8FD-4973-40AE-969A-81429E8B7F07}.Release|x86.ActiveCfg = Release|Any CPU
		{EE2AC8FD-4973-40AE-969A-81429E8B7F07}.Release|x86.Build.0 = Release|Any CPU
		{ED6B6812-A6AC-4694-B9BF-8B9E10C91F2D}.Debug|Any CPU.ActiveCfg = Debug|Any CPU
		{ED6B6812-A6AC-4694-B9BF-8B9E10C91F2D}.Debug|Any CPU.Build.0 = Debug|Any CPU
		{ED6B6812-A6AC-4694-B9BF-8B9E10C91F2D}.Debug|x64.ActiveCfg = Debug|Any CPU
		{ED6B6812-A6AC-4694-B9BF-8B9E10C91F2D}.Debug|x64.Build.0 = Debug|Any CPU
		{ED6B6812-A6AC-4694-B9BF-8B9E10C91F2D}.Debug|x86.ActiveCfg = Debug|Any CPU
		{ED6B6812-A6AC-4694-B9BF-8B9E10C91F2D}.Debug|x86.Build.0 = Debug|Any CPU
		{ED6B6812-A6AC-4694-B9BF-8B9E10C91F2D}.Release|Any CPU.ActiveCfg = Release|Any CPU
		{ED6B6812-A6AC-4694-B9BF-8B9E10C91F2D}.Release|Any CPU.Build.0 = Release|Any CPU
		{ED6B6812-A6AC-4694-B9BF-8B9E10C91F2D}.Release|x64.ActiveCfg = Release|Any CPU
		{ED6B6812-A6AC-4694-B9BF-8B9E10C91F2D}.Release|x64.Build.0 = Release|Any CPU
		{ED6B6812-A6AC-4694-B9BF-8B9E10C91F2D}.Release|x86.ActiveCfg = Release|Any CPU
		{ED6B6812-A6AC-4694-B9BF-8B9E10C91F2D}.Release|x86.Build.0 = Release|Any CPU
		{BC3FE24D-66C3-416A-B682-DE246CFCCECC}.Debug|Any CPU.ActiveCfg = Debug|Any CPU
		{BC3FE24D-66C3-416A-B682-DE246CFCCECC}.Debug|Any CPU.Build.0 = Debug|Any CPU
		{BC3FE24D-66C3-416A-B682-DE246CFCCECC}.Debug|x64.ActiveCfg = Debug|Any CPU
		{BC3FE24D-66C3-416A-B682-DE246CFCCECC}.Debug|x64.Build.0 = Debug|Any CPU
		{BC3FE24D-66C3-416A-B682-DE246CFCCECC}.Debug|x86.ActiveCfg = Debug|Any CPU
		{BC3FE24D-66C3-416A-B682-DE246CFCCECC}.Debug|x86.Build.0 = Debug|Any CPU
		{BC3FE24D-66C3-416A-B682-DE246CFCCECC}.Release|Any CPU.ActiveCfg = Release|Any CPU
		{BC3FE24D-66C3-416A-B682-DE246CFCCECC}.Release|Any CPU.Build.0 = Release|Any CPU
		{BC3FE24D-66C3-416A-B682-DE246CFCCECC}.Release|x64.ActiveCfg = Release|Any CPU
		{BC3FE24D-66C3-416A-B682-DE246CFCCECC}.Release|x64.Build.0 = Release|Any CPU
		{BC3FE24D-66C3-416A-B682-DE246CFCCECC}.Release|x86.ActiveCfg = Release|Any CPU
		{BC3FE24D-66C3-416A-B682-DE246CFCCECC}.Release|x86.Build.0 = Release|Any CPU
		{5E03FA55-9475-4490-9530-94D86E87B013}.Debug|Any CPU.ActiveCfg = Debug|Any CPU
		{5E03FA55-9475-4490-9530-94D86E87B013}.Debug|Any CPU.Build.0 = Debug|Any CPU
		{5E03FA55-9475-4490-9530-94D86E87B013}.Debug|x64.ActiveCfg = Debug|Any CPU
		{5E03FA55-9475-4490-9530-94D86E87B013}.Debug|x64.Build.0 = Debug|Any CPU
		{5E03FA55-9475-4490-9530-94D86E87B013}.Debug|x86.ActiveCfg = Debug|Any CPU
		{5E03FA55-9475-4490-9530-94D86E87B013}.Debug|x86.Build.0 = Debug|Any CPU
		{5E03FA55-9475-4490-9530-94D86E87B013}.Release|Any CPU.ActiveCfg = Release|Any CPU
		{5E03FA55-9475-4490-9530-94D86E87B013}.Release|Any CPU.Build.0 = Release|Any CPU
		{5E03FA55-9475-4490-9530-94D86E87B013}.Release|x64.ActiveCfg = Release|Any CPU
		{5E03FA55-9475-4490-9530-94D86E87B013}.Release|x64.Build.0 = Release|Any CPU
		{5E03FA55-9475-4490-9530-94D86E87B013}.Release|x86.ActiveCfg = Release|Any CPU
		{5E03FA55-9475-4490-9530-94D86E87B013}.Release|x86.Build.0 = Release|Any CPU
		{B3EA3E03-62CF-462F-8A6F-F16B31132EA9}.Debug|Any CPU.ActiveCfg = Debug|Any CPU
		{B3EA3E03-62CF-462F-8A6F-F16B31132EA9}.Debug|Any CPU.Build.0 = Debug|Any CPU
		{B3EA3E03-62CF-462F-8A6F-F16B31132EA9}.Debug|x64.ActiveCfg = Debug|Any CPU
		{B3EA3E03-62CF-462F-8A6F-F16B31132EA9}.Debug|x64.Build.0 = Debug|Any CPU
		{B3EA3E03-62CF-462F-8A6F-F16B31132EA9}.Debug|x86.ActiveCfg = Debug|Any CPU
		{B3EA3E03-62CF-462F-8A6F-F16B31132EA9}.Debug|x86.Build.0 = Debug|Any CPU
		{B3EA3E03-62CF-462F-8A6F-F16B31132EA9}.Release|Any CPU.ActiveCfg = Release|Any CPU
		{B3EA3E03-62CF-462F-8A6F-F16B31132EA9}.Release|Any CPU.Build.0 = Release|Any CPU
		{B3EA3E03-62CF-462F-8A6F-F16B31132EA9}.Release|x64.ActiveCfg = Release|Any CPU
		{B3EA3E03-62CF-462F-8A6F-F16B31132EA9}.Release|x64.Build.0 = Release|Any CPU
		{B3EA3E03-62CF-462F-8A6F-F16B31132EA9}.Release|x86.ActiveCfg = Release|Any CPU
		{B3EA3E03-62CF-462F-8A6F-F16B31132EA9}.Release|x86.Build.0 = Release|Any CPU
	EndGlobalSection
	GlobalSection(SolutionProperties) = preSolution
		HideSolutionNode = FALSE
	EndGlobalSection
	GlobalSection(NestedProjects) = preSolution
		{ED6B6812-A6AC-4694-B9BF-8B9E10C91F2D} = {28B79DB4-B59D-47C6-A368-82F7D7146BB2}
		{5E03FA55-9475-4490-9530-94D86E87B013} = {28B79DB4-B59D-47C6-A368-82F7D7146BB2}
		{B3EA3E03-62CF-462F-8A6F-F16B31132EA9} = {28B79DB4-B59D-47C6-A368-82F7D7146BB2}
	EndGlobalSection
	GlobalSection(ExtensibilityGlobals) = postSolution
		SolutionGuid = {D2E52FE3-8AAD-40AB-A44A-3F16B7DEA9BC}
	EndGlobalSection
EndGlobal
