
Microsoft Visual Studio Solution File, Format Version 12.00
# Visual Studio Version 16
VisualStudioVersion = 16.0.30114.105
MinimumVisualStudioVersion = 10.0.40219.1
Project("{FAE04EC0-301F-11D3-BF4B-00C04F79EFBC}") = "R5T.T0081", "R5T.T0081\R5T.T0081.csproj", "{CEB8A021-1515-4473-8576-2401D861E917}"
EndProject
Project("{FAE04EC0-301F-11D3-BF4B-00C04F79EFBC}") = "R5T.T0081.Construction", "R5T.T0081.Construction\R5T.T0081.Construction.csproj", "{C1B753F6-5667-449A-ACA0-17E062BED2F2}"
EndProject
Project("{FAE04EC0-301F-11D3-BF4B-00C04F79EFBC}") = "R5T.T0081.X001", "R5T.T0081.X001\R5T.T0081.X001.csproj", "{A85FAD56-2863-4FA8-968A-681DED3DA662}"
EndProject
Global
	GlobalSection(SolutionConfigurationPlatforms) = preSolution
		Debug|Any CPU = Debug|Any CPU
		Debug|x64 = Debug|x64
		Debug|x86 = Debug|x86
		Release|Any CPU = Release|Any CPU
		Release|x64 = Release|x64
		Release|x86 = Release|x86
	EndGlobalSection
	GlobalSection(SolutionProperties) = preSolution
		HideSolutionNode = FALSE
	EndGlobalSection
	GlobalSection(ProjectConfigurationPlatforms) = postSolution
		{CEB8A021-1515-4473-8576-2401D861E917}.Debug|Any CPU.ActiveCfg = Debug|Any CPU
		{CEB8A021-1515-4473-8576-2401D861E917}.Debug|Any CPU.Build.0 = Debug|Any CPU
		{CEB8A021-1515-4473-8576-2401D861E917}.Debug|x64.ActiveCfg = Debug|Any CPU
		{CEB8A021-1515-4473-8576-2401D861E917}.Debug|x64.Build.0 = Debug|Any CPU
		{CEB8A021-1515-4473-8576-2401D861E917}.Debug|x86.ActiveCfg = Debug|Any CPU
		{CEB8A021-1515-4473-8576-2401D861E917}.Debug|x86.Build.0 = Debug|Any CPU
		{CEB8A021-1515-4473-8576-2401D861E917}.Release|Any CPU.ActiveCfg = Release|Any CPU
		{CEB8A021-1515-4473-8576-2401D861E917}.Release|Any CPU.Build.0 = Release|Any CPU
		{CEB8A021-1515-4473-8576-2401D861E917}.Release|x64.ActiveCfg = Release|Any CPU
		{CEB8A021-1515-4473-8576-2401D861E917}.Release|x64.Build.0 = Release|Any CPU
		{CEB8A021-1515-4473-8576-2401D861E917}.Release|x86.ActiveCfg = Release|Any CPU
		{CEB8A021-1515-4473-8576-2401D861E917}.Release|x86.Build.0 = Release|Any CPU
		{C1B753F6-5667-449A-ACA0-17E062BED2F2}.Debug|Any CPU.ActiveCfg = Debug|Any CPU
		{C1B753F6-5667-449A-ACA0-17E062BED2F2}.Debug|Any CPU.Build.0 = Debug|Any CPU
		{C1B753F6-5667-449A-ACA0-17E062BED2F2}.Debug|x64.ActiveCfg = Debug|Any CPU
		{C1B753F6-5667-449A-ACA0-17E062BED2F2}.Debug|x64.Build.0 = Debug|Any CPU
		{C1B753F6-5667-449A-ACA0-17E062BED2F2}.Debug|x86.ActiveCfg = Debug|Any CPU
		{C1B753F6-5667-449A-ACA0-17E062BED2F2}.Debug|x86.Build.0 = Debug|Any CPU
		{C1B753F6-5667-449A-ACA0-17E062BED2F2}.Release|Any CPU.ActiveCfg = Release|Any CPU
		{C1B753F6-5667-449A-ACA0-17E062BED2F2}.Release|Any CPU.Build.0 = Release|Any CPU
		{C1B753F6-5667-449A-ACA0-17E062BED2F2}.Release|x64.ActiveCfg = Release|Any CPU
		{C1B753F6-5667-449A-ACA0-17E062BED2F2}.Release|x64.Build.0 = Release|Any CPU
		{C1B753F6-5667-449A-ACA0-17E062BED2F2}.Release|x86.ActiveCfg = Release|Any CPU
		{C1B753F6-5667-449A-ACA0-17E062BED2F2}.Release|x86.Build.0 = Release|Any CPU
		{A85FAD56-2863-4FA8-968A-681DED3DA662}.Debug|Any CPU.ActiveCfg = Debug|Any CPU
		{A85FAD56-2863-4FA8-968A-681DED3DA662}.Debug|Any CPU.Build.0 = Debug|Any CPU
		{A85FAD56-2863-4FA8-968A-681DED3DA662}.Debug|x64.ActiveCfg = Debug|Any CPU
		{A85FAD56-2863-4FA8-968A-681DED3DA662}.Debug|x64.Build.0 = Debug|Any CPU
		{A85FAD56-2863-4FA8-968A-681DED3DA662}.Debug|x86.ActiveCfg = Debug|Any CPU
		{A85FAD56-2863-4FA8-968A-681DED3DA662}.Debug|x86.Build.0 = Debug|Any CPU
		{A85FAD56-2863-4FA8-968A-681DED3DA662}.Release|Any CPU.ActiveCfg = Release|Any CPU
		{A85FAD56-2863-4FA8-968A-681DED3DA662}.Release|Any CPU.Build.0 = Release|Any CPU
		{A85FAD56-2863-4FA8-968A-681DED3DA662}.Release|x64.ActiveCfg = Release|Any CPU
		{A85FAD56-2863-4FA8-968A-681DED3DA662}.Release|x64.Build.0 = Release|Any CPU
		{A85FAD56-2863-4FA8-968A-681DED3DA662}.Release|x86.ActiveCfg = Release|Any CPU
		{A85FAD56-2863-4FA8-968A-681DED3DA662}.Release|x86.Build.0 = Release|Any CPU
	EndGlobalSection
EndGlobal
